// !$*UTF8*$!
{
	archiveVersion = 1;
	classes = {
	};
	objectVersion = 56;
	objects = {

/* Begin PBXBuildFile section */
		B44B103329E07A8F007F48B3 /* PHPicker.swift in Sources */ = {isa = PBXBuildFile; fileRef = B44B103229E07A8F007F48B3 /* PHPicker.swift */; };
		B45666D729E071B900A7CFEB /* MainImageCell.swift in Sources */ = {isa = PBXBuildFile; fileRef = B45666D629E071B900A7CFEB /* MainImageCell.swift */; };
		B45666D929E072FE00A7CFEB /* LaunchScreen.storyboard in Resources */ = {isa = PBXBuildFile; fileRef = B45666D829E072FE00A7CFEB /* LaunchScreen.storyboard */; };
		B477D0D929E3852A001301D4 /* MainView.swift in Sources */ = {isa = PBXBuildFile; fileRef = B477D0D829E3852A001301D4 /* MainView.swift */; };
		B477D0DB29E38533001301D4 /* MainViewModel.swift in Sources */ = {isa = PBXBuildFile; fileRef = B477D0DA29E38533001301D4 /* MainViewModel.swift */; };
		B4A93A1B29C2084600B334F1 /* SelectionViewController.swift in Sources */ = {isa = PBXBuildFile; fileRef = B4A93A1A29C2084600B334F1 /* SelectionViewController.swift */; };
		B4DEF94729C128B600E3C172 /* AppDelegate.swift in Sources */ = {isa = PBXBuildFile; fileRef = B4DEF94629C128B600E3C172 /* AppDelegate.swift */; };
		B4DEF94929C128B600E3C172 /* SceneDelegate.swift in Sources */ = {isa = PBXBuildFile; fileRef = B4DEF94829C128B600E3C172 /* SceneDelegate.swift */; };
		B4DEF94B29C128B600E3C172 /* MainViewController.swift in Sources */ = {isa = PBXBuildFile; fileRef = B4DEF94A29C128B600E3C172 /* MainViewController.swift */; };
		B4DEF95129C128B600E3C172 /* AOD.xcdatamodeld in Sources */ = {isa = PBXBuildFile; fileRef = B4DEF94F29C128B600E3C172 /* AOD.xcdatamodeld */; };
		B4DEF95329C128B700E3C172 /* Assets.xcassets in Resources */ = {isa = PBXBuildFile; fileRef = B4DEF95229C128B700E3C172 /* Assets.xcassets */; };
		B4DEF95E29C1296900E3C172 /* SelectionImageCell.swift in Sources */ = {isa = PBXBuildFile; fileRef = B4DEF95D29C1296900E3C172 /* SelectionImageCell.swift */; };
/* End PBXBuildFile section */

/* Begin PBXFileReference section */
		B44B103229E07A8F007F48B3 /* PHPicker.swift */ = {isa = PBXFileReference; lastKnownFileType = sourcecode.swift; path = PHPicker.swift; sourceTree = "<group>"; };
		B45666D629E071B900A7CFEB /* MainImageCell.swift */ = {isa = PBXFileReference; lastKnownFileType = sourcecode.swift; path = MainImageCell.swift; sourceTree = "<group>"; };
		B45666D829E072FE00A7CFEB /* LaunchScreen.storyboard */ = {isa = PBXFileReference; fileEncoding = 4; lastKnownFileType = file.storyboard; path = LaunchScreen.storyboard; sourceTree = "<group>"; };
		B477D0D829E3852A001301D4 /* MainView.swift */ = {isa = PBXFileReference; fileEncoding = 4; lastKnownFileType = sourcecode.swift; path = MainView.swift; sourceTree = "<group>"; };
		B477D0DA29E38533001301D4 /* MainViewModel.swift */ = {isa = PBXFileReference; fileEncoding = 4; lastKnownFileType = sourcecode.swift; path = MainViewModel.swift; sourceTree = "<group>"; };
		B4A93A1A29C2084600B334F1 /* SelectionViewController.swift */ = {isa = PBXFileReference; lastKnownFileType = sourcecode.swift; path = SelectionViewController.swift; sourceTree = "<group>"; };
		B4DEF94329C128B600E3C172 /* AOD.app */ = {isa = PBXFileReference; explicitFileType = wrapper.application; includeInIndex = 0; path = AOD.app; sourceTree = BUILT_PRODUCTS_DIR; };
		B4DEF94629C128B600E3C172 /* AppDelegate.swift */ = {isa = PBXFileReference; lastKnownFileType = sourcecode.swift; path = AppDelegate.swift; sourceTree = "<group>"; };
		B4DEF94829C128B600E3C172 /* SceneDelegate.swift */ = {isa = PBXFileReference; lastKnownFileType = sourcecode.swift; path = SceneDelegate.swift; sourceTree = "<group>"; };
		B4DEF94A29C128B600E3C172 /* MainViewController.swift */ = {isa = PBXFileReference; lastKnownFileType = sourcecode.swift; path = MainViewController.swift; sourceTree = "<group>"; };
		B4DEF95029C128B600E3C172 /* AOD.xcdatamodel */ = {isa = PBXFileReference; lastKnownFileType = wrapper.xcdatamodel; path = AOD.xcdatamodel; sourceTree = "<group>"; };
		B4DEF95229C128B700E3C172 /* Assets.xcassets */ = {isa = PBXFileReference; lastKnownFileType = folder.assetcatalog; path = Assets.xcassets; sourceTree = "<group>"; };
		B4DEF95729C128B700E3C172 /* Info.plist */ = {isa = PBXFileReference; lastKnownFileType = text.plist.xml; path = Info.plist; sourceTree = "<group>"; };
		B4DEF95D29C1296900E3C172 /* SelectionImageCell.swift */ = {isa = PBXFileReference; lastKnownFileType = sourcecode.swift; path = SelectionImageCell.swift; sourceTree = "<group>"; };
/* End PBXFileReference section */

/* Begin PBXFrameworksBuildPhase section */
		B4DEF94029C128B600E3C172 /* Frameworks */ = {
			isa = PBXFrameworksBuildPhase;
			buildActionMask = 2147483647;
			files = (
			);
			runOnlyForDeploymentPostprocessing = 0;
		};
/* End PBXFrameworksBuildPhase section */

/* Begin PBXGroup section */
		B45666C929E06F0C00A7CFEB /* Supporting files */ = {
			isa = PBXGroup;
			children = (
				B4DEF95229C128B700E3C172 /* Assets.xcassets */,
				B4DEF95729C128B700E3C172 /* Info.plist */,
			);
			path = "Supporting files";
			sourceTree = "<group>";
		};
		B45666CA29E06F4B00A7CFEB /* Application */ = {
			isa = PBXGroup;
			children = (
				B45666CD29E06F6B00A7CFEB /* Controller */,
				B45666CC29E06F6500A7CFEB /* View */,
				B45666CB29E06F5200A7CFEB /* Model */,
			);
			path = Application;
			sourceTree = "<group>";
		};
		B45666CB29E06F5200A7CFEB /* Model */ = {
			isa = PBXGroup;
			children = (
			);
			path = Model;
			sourceTree = "<group>";
		};
		B45666CC29E06F6500A7CFEB /* View */ = {
			isa = PBXGroup;
			children = (
				B45666D829E072FE00A7CFEB /* LaunchScreen.storyboard */,
			);
			path = View;
			sourceTree = "<group>";
		};
		B45666CD29E06F6B00A7CFEB /* Controller */ = {
			isa = PBXGroup;
			children = (
				B4DEF94629C128B600E3C172 /* AppDelegate.swift */,
				B4DEF94829C128B600E3C172 /* SceneDelegate.swift */,
			);
			path = Controller;
			sourceTree = "<group>";
		};
		B45666CE29E06FA500A7CFEB /* CoreData */ = {
			isa = PBXGroup;
			children = (
				B45666DE29E075EC00A7CFEB /* Model */,
			);
			path = CoreData;
			sourceTree = "<group>";
		};
		B45666CF29E0701100A7CFEB /* MainScreen */ = {
			isa = PBXGroup;
			children = (
				B45666D229E0703500A7CFEB /* Model */,
				B45666D129E0703000A7CFEB /* View */,
				B45666D029E0702400A7CFEB /* Controller */,
			);
			path = MainScreen;
			sourceTree = "<group>";
		};
		B45666D029E0702400A7CFEB /* Controller */ = {
			isa = PBXGroup;
			children = (
				B4DEF94A29C128B600E3C172 /* MainViewController.swift */,
			);
			path = Controller;
			sourceTree = "<group>";
		};
		B45666D129E0703000A7CFEB /* View */ = {
			isa = PBXGroup;
			children = (
				B45666D629E071B900A7CFEB /* MainImageCell.swift */,
				B477D0D829E3852A001301D4 /* MainView.swift */,
			);
			path = View;
			sourceTree = "<group>";
		};
		B45666D229E0703500A7CFEB /* Model */ = {
			isa = PBXGroup;
			children = (
				B477D0DA29E38533001301D4 /* MainViewModel.swift */,
			);
			path = Model;
			sourceTree = "<group>";
		};
		B45666DA29E0750B00A7CFEB /* SelectionScreen */ = {
			isa = PBXGroup;
			children = (
				B45666DD29E0752C00A7CFEB /* Controller */,
				B45666DC29E0752700A7CFEB /* View */,
				B45666DB29E0752000A7CFEB /* Model */,
			);
			path = SelectionScreen;
			sourceTree = "<group>";
		};
		B45666DB29E0752000A7CFEB /* Model */ = {
			isa = PBXGroup;
			children = (
				B44B103229E07A8F007F48B3 /* PHPicker.swift */,
			);
			path = Model;
			sourceTree = "<group>";
		};
		B45666DC29E0752700A7CFEB /* View */ = {
			isa = PBXGroup;
			children = (
				B4DEF95D29C1296900E3C172 /* SelectionImageCell.swift */,
			);
			path = View;
			sourceTree = "<group>";
		};
		B45666DD29E0752C00A7CFEB /* Controller */ = {
			isa = PBXGroup;
			children = (
				B4A93A1A29C2084600B334F1 /* SelectionViewController.swift */,
			);
			path = Controller;
			sourceTree = "<group>";
		};
		B45666DE29E075EC00A7CFEB /* Model */ = {
			isa = PBXGroup;
			children = (
				B4DEF94F29C128B600E3C172 /* AOD.xcdatamodeld */,
			);
			path = Model;
			sourceTree = "<group>";
		};
		B4DEF93A29C128B600E3C172 = {
			isa = PBXGroup;
			children = (
				B4DEF94529C128B600E3C172 /* AOD */,
				B4DEF94429C128B600E3C172 /* Products */,
			);
			sourceTree = "<group>";
		};
		B4DEF94429C128B600E3C172 /* Products */ = {
			isa = PBXGroup;
			children = (
				B4DEF94329C128B600E3C172 /* AOD.app */,
			);
			name = Products;
			sourceTree = "<group>";
		};
		B4DEF94529C128B600E3C172 /* AOD */ = {
			isa = PBXGroup;
			children = (
				B45666DA29E0750B00A7CFEB /* SelectionScreen */,
				B45666CF29E0701100A7CFEB /* MainScreen */,
				B45666CE29E06FA500A7CFEB /* CoreData */,
				B45666CA29E06F4B00A7CFEB /* Application */,
				B45666C929E06F0C00A7CFEB /* Supporting files */,
			);
			path = AOD;
			sourceTree = "<group>";
		};
/* End PBXGroup section */

/* Begin PBXNativeTarget section */
		B4DEF94229C128B600E3C172 /* AOD */ = {
			isa = PBXNativeTarget;
			buildConfigurationList = B4DEF95A29C128B700E3C172 /* Build configuration list for PBXNativeTarget "AOD" */;
			buildPhases = (
				B4DEF93F29C128B600E3C172 /* Sources */,
				B4DEF94029C128B600E3C172 /* Frameworks */,
				B4DEF94129C128B600E3C172 /* Resources */,
			);
			buildRules = (
			);
			dependencies = (
			);
			name = AOD;
			productName = AOD;
			productReference = B4DEF94329C128B600E3C172 /* AOD.app */;
			productType = "com.apple.product-type.application";
		};
/* End PBXNativeTarget section */

/* Begin PBXProject section */
		B4DEF93B29C128B600E3C172 /* Project object */ = {
			isa = PBXProject;
			attributes = {
				BuildIndependentTargetsInParallel = 1;
				LastSwiftUpdateCheck = 1420;
				LastUpgradeCheck = 1420;
				TargetAttributes = {
					B4DEF94229C128B600E3C172 = {
						CreatedOnToolsVersion = 14.2;
					};
				};
			};
			buildConfigurationList = B4DEF93E29C128B600E3C172 /* Build configuration list for PBXProject "AOD" */;
			compatibilityVersion = "Xcode 14.0";
			developmentRegion = en;
			hasScannedForEncodings = 0;
			knownRegions = (
				en,
				Base,
			);
			mainGroup = B4DEF93A29C128B600E3C172;
			productRefGroup = B4DEF94429C128B600E3C172 /* Products */;
			projectDirPath = "";
			projectRoot = "";
			targets = (
				B4DEF94229C128B600E3C172 /* AOD */,
			);
		};
/* End PBXProject section */

/* Begin PBXResourcesBuildPhase section */
		B4DEF94129C128B600E3C172 /* Resources */ = {
			isa = PBXResourcesBuildPhase;
			buildActionMask = 2147483647;
			files = (
				B4DEF95329C128B700E3C172 /* Assets.xcassets in Resources */,
				B45666D929E072FE00A7CFEB /* LaunchScreen.storyboard in Resources */,
			);
			runOnlyForDeploymentPostprocessing = 0;
		};
/* End PBXResourcesBuildPhase section */

/* Begin PBXSourcesBuildPhase section */
		B4DEF93F29C128B600E3C172 /* Sources */ = {
			isa = PBXSourcesBuildPhase;
			buildActionMask = 2147483647;
			files = (
				B4A93A1B29C2084600B334F1 /* SelectionViewController.swift in Sources */,
				B477D0D929E3852A001301D4 /* MainView.swift in Sources */,
				B4DEF95129C128B600E3C172 /* AOD.xcdatamodeld in Sources */,
				B4DEF94B29C128B600E3C172 /* MainViewController.swift in Sources */,
				B4DEF94729C128B600E3C172 /* AppDelegate.swift in Sources */,
				B477D0DB29E38533001301D4 /* MainViewModel.swift in Sources */,
				B4DEF94929C128B600E3C172 /* SceneDelegate.swift in Sources */,
				B45666D729E071B900A7CFEB /* MainImageCell.swift in Sources */,
				B4DEF95E29C1296900E3C172 /* SelectionImageCell.swift in Sources */,
				B44B103329E07A8F007F48B3 /* PHPicker.swift in Sources */,
			);
			runOnlyForDeploymentPostprocessing = 0;
		};
/* End PBXSourcesBuildPhase section */

/* Begin XCBuildConfiguration section */
		B4DEF95829C128B700E3C172 /* Debug */ = {
			isa = XCBuildConfiguration;
			buildSettings = {
				ALWAYS_SEARCH_USER_PATHS = NO;
				CLANG_ANALYZER_NONNULL = YES;
				CLANG_ANALYZER_NUMBER_OBJECT_CONVERSION = YES_AGGRESSIVE;
				CLANG_CXX_LANGUAGE_STANDARD = "gnu++20";
				CLANG_ENABLE_MODULES = YES;
				CLANG_ENABLE_OBJC_ARC = YES;
				CLANG_ENABLE_OBJC_WEAK = YES;
				CLANG_WARN_BLOCK_CAPTURE_AUTORELEASING = YES;
				CLANG_WARN_BOOL_CONVERSION = YES;
				CLANG_WARN_COMMA = YES;
				CLANG_WARN_CONSTANT_CONVERSION = YES;
				CLANG_WARN_DEPRECATED_OBJC_IMPLEMENTATIONS = YES;
				CLANG_WARN_DIRECT_OBJC_ISA_USAGE = YES_ERROR;
				CLANG_WARN_DOCUMENTATION_COMMENTS = YES;
				CLANG_WARN_EMPTY_BODY = YES;
				CLANG_WARN_ENUM_CONVERSION = YES;
				CLANG_WARN_INFINITE_RECURSION = YES;
				CLANG_WARN_INT_CONVERSION = YES;
				CLANG_WARN_NON_LITERAL_NULL_CONVERSION = YES;
				CLANG_WARN_OBJC_IMPLICIT_RETAIN_SELF = YES;
				CLANG_WARN_OBJC_LITERAL_CONVERSION = YES;
				CLANG_WARN_OBJC_ROOT_CLASS = YES_ERROR;
				CLANG_WARN_QUOTED_INCLUDE_IN_FRAMEWORK_HEADER = YES;
				CLANG_WARN_RANGE_LOOP_ANALYSIS = YES;
				CLANG_WARN_STRICT_PROTOTYPES = YES;
				CLANG_WARN_SUSPICIOUS_MOVE = YES;
				CLANG_WARN_UNGUARDED_AVAILABILITY = YES_AGGRESSIVE;
				CLANG_WARN_UNREACHABLE_CODE = YES;
				CLANG_WARN__DUPLICATE_METHOD_MATCH = YES;
				COPY_PHASE_STRIP = NO;
				DEBUG_INFORMATION_FORMAT = dwarf;
				ENABLE_STRICT_OBJC_MSGSEND = YES;
				ENABLE_TESTABILITY = YES;
				GCC_C_LANGUAGE_STANDARD = gnu11;
				GCC_DYNAMIC_NO_PIC = NO;
				GCC_NO_COMMON_BLOCKS = YES;
				GCC_OPTIMIZATION_LEVEL = 0;
				GCC_PREPROCESSOR_DEFINITIONS = (
					"DEBUG=1",
					"$(inherited)",
				);
				GCC_WARN_64_TO_32_BIT_CONVERSION = YES;
				GCC_WARN_ABOUT_RETURN_TYPE = YES_ERROR;
				GCC_WARN_UNDECLARED_SELECTOR = YES;
				GCC_WARN_UNINITIALIZED_AUTOS = YES_AGGRESSIVE;
				GCC_WARN_UNUSED_FUNCTION = YES;
				GCC_WARN_UNUSED_VARIABLE = YES;
				IPHONEOS_DEPLOYMENT_TARGET = 16.0;
				MTL_ENABLE_DEBUG_INFO = INCLUDE_SOURCE;
				MTL_FAST_MATH = YES;
				ONLY_ACTIVE_ARCH = YES;
				SDKROOT = iphoneos;
				SWIFT_ACTIVE_COMPILATION_CONDITIONS = DEBUG;
				SWIFT_OPTIMIZATION_LEVEL = "-Onone";
			};
			name = Debug;
		};
		B4DEF95929C128B700E3C172 /* Release */ = {
			isa = XCBuildConfiguration;
			buildSettings = {
				ALWAYS_SEARCH_USER_PATHS = NO;
				CLANG_ANALYZER_NONNULL = YES;
				CLANG_ANALYZER_NUMBER_OBJECT_CONVERSION = YES_AGGRESSIVE;
				CLANG_CXX_LANGUAGE_STANDARD = "gnu++20";
				CLANG_ENABLE_MODULES = YES;
				CLANG_ENABLE_OBJC_ARC = YES;
				CLANG_ENABLE_OBJC_WEAK = YES;
				CLANG_WARN_BLOCK_CAPTURE_AUTORELEASING = YES;
				CLANG_WARN_BOOL_CONVERSION = YES;
				CLANG_WARN_COMMA = YES;
				CLANG_WARN_CONSTANT_CONVERSION = YES;
				CLANG_WARN_DEPRECATED_OBJC_IMPLEMENTATIONS = YES;
				CLANG_WARN_DIRECT_OBJC_ISA_USAGE = YES_ERROR;
				CLANG_WARN_DOCUMENTATION_COMMENTS = YES;
				CLANG_WARN_EMPTY_BODY = YES;
				CLANG_WARN_ENUM_CONVERSION = YES;
				CLANG_WARN_INFINITE_RECURSION = YES;
				CLANG_WARN_INT_CONVERSION = YES;
				CLANG_WARN_NON_LITERAL_NULL_CONVERSION = YES;
				CLANG_WARN_OBJC_IMPLICIT_RETAIN_SELF = YES;
				CLANG_WARN_OBJC_LITERAL_CONVERSION = YES;
				CLANG_WARN_OBJC_ROOT_CLASS = YES_ERROR;
				CLANG_WARN_QUOTED_INCLUDE_IN_FRAMEWORK_HEADER = YES;
				CLANG_WARN_RANGE_LOOP_ANALYSIS = YES;
				CLANG_WARN_STRICT_PROTOTYPES = YES;
				CLANG_WARN_SUSPICIOUS_MOVE = YES;
				CLANG_WARN_UNGUARDED_AVAILABILITY = YES_AGGRESSIVE;
				CLANG_WARN_UNREACHABLE_CODE = YES;
				CLANG_WARN__DUPLICATE_METHOD_MATCH = YES;
				COPY_PHASE_STRIP = NO;
				DEBUG_INFORMATION_FORMAT = "dwarf-with-dsym";
				ENABLE_NS_ASSERTIONS = NO;
				ENABLE_STRICT_OBJC_MSGSEND = YES;
				GCC_C_LANGUAGE_STANDARD = gnu11;
				GCC_NO_COMMON_BLOCKS = YES;
				GCC_WARN_64_TO_32_BIT_CONVERSION = YES;
				GCC_WARN_ABOUT_RETURN_TYPE = YES_ERROR;
				GCC_WARN_UNDECLARED_SELECTOR = YES;
				GCC_WARN_UNINITIALIZED_AUTOS = YES_AGGRESSIVE;
				GCC_WARN_UNUSED_FUNCTION = YES;
				GCC_WARN_UNUSED_VARIABLE = YES;
				IPHONEOS_DEPLOYMENT_TARGET = 16.0;
				MTL_ENABLE_DEBUG_INFO = NO;
				MTL_FAST_MATH = YES;
				SDKROOT = iphoneos;
				SWIFT_COMPILATION_MODE = wholemodule;
				SWIFT_OPTIMIZATION_LEVEL = "-O";
				VALIDATE_PRODUCT = YES;
			};
			name = Release;
		};
		B4DEF95B29C128B700E3C172 /* Debug */ = {
			isa = XCBuildConfiguration;
			buildSettings = {
				ASSETCATALOG_COMPILER_APPICON_NAME = AppIcon;
				ASSETCATALOG_COMPILER_GLOBAL_ACCENT_COLOR_NAME = AccentColor;
				CODE_SIGN_STYLE = Automatic;
				CURRENT_PROJECT_VERSION = 1;
				DEVELOPMENT_TEAM = 8ZZ48UWX6P;
				GENERATE_INFOPLIST_FILE = YES;
				INFOPLIST_FILE = "AOD/Supporting files/Info.plist";
				INFOPLIST_KEY_CFBundleDisplayName = AOD;
				INFOPLIST_KEY_NSPhotoLibraryUsageDescription = "Разрешите доступ к фото, чтобы добавлять свои собственные изображения";
				INFOPLIST_KEY_UIApplicationSupportsIndirectInputEvents = YES;
				INFOPLIST_KEY_UILaunchStoryboardName = LaunchScreen.storyboard;
				INFOPLIST_KEY_UIMainStoryboardFile = "";
				INFOPLIST_KEY_UISupportedInterfaceOrientations = UIInterfaceOrientationPortrait;
				INFOPLIST_KEY_UISupportedInterfaceOrientations_iPad = "UIInterfaceOrientationLandscapeLeft UIInterfaceOrientationLandscapeRight UIInterfaceOrientationPortrait UIInterfaceOrientationPortraitUpsideDown";
				IPHONEOS_DEPLOYMENT_TARGET = 16.0;
				LD_RUNPATH_SEARCH_PATHS = (
					"$(inherited)",
					"@executable_path/Frameworks",
				);
				MARKETING_VERSION = 1.0;
				PRODUCT_BUNDLE_IDENTIFIER = baozorp.AOD;
				PRODUCT_NAME = "$(TARGET_NAME)";
				SUPPORTED_PLATFORMS = "iphoneos iphonesimulator";
				SUPPORTS_MACCATALYST = NO;
				SUPPORTS_MAC_DESIGNED_FOR_IPHONE_IPAD = NO;
				SWIFT_EMIT_LOC_STRINGS = YES;
				SWIFT_VERSION = 5.0;
				TARGETED_DEVICE_FAMILY = 1;
			};
			name = Debug;
		};
		B4DEF95C29C128B700E3C172 /* Release */ = {
			isa = XCBuildConfiguration;
			buildSettings = {
				ASSETCATALOG_COMPILER_APPICON_NAME = AppIcon;
				ASSETCATALOG_COMPILER_GLOBAL_ACCENT_COLOR_NAME = AccentColor;
				CODE_SIGN_STYLE = Automatic;
				CURRENT_PROJECT_VERSION = 1;
				DEVELOPMENT_TEAM = 8ZZ48UWX6P;
				GENERATE_INFOPLIST_FILE = YES;
				INFOPLIST_FILE = "AOD/Supporting files/Info.plist";
				INFOPLIST_KEY_CFBundleDisplayName = AOD;
				INFOPLIST_KEY_NSPhotoLibraryUsageDescription = "Разрешите доступ к фото, чтобы добавлять свои собственные изображения";
				INFOPLIST_KEY_UIApplicationSupportsIndirectInputEvents = YES;
				INFOPLIST_KEY_UILaunchStoryboardName = LaunchScreen.storyboard;
				INFOPLIST_KEY_UIMainStoryboardFile = "";
				INFOPLIST_KEY_UISupportedInterfaceOrientations = UIInterfaceOrientationPortrait;
				INFOPLIST_KEY_UISupportedInterfaceOrientations_iPad = "UIInterfaceOrientationLandscapeLeft UIInterfaceOrientationLandscapeRight UIInterfaceOrientationPortrait UIInterfaceOrientationPortraitUpsideDown";
				IPHONEOS_DEPLOYMENT_TARGET = 16.0;
				LD_RUNPATH_SEARCH_PATHS = (
					"$(inherited)",
					"@executable_path/Frameworks",
				);
				MARKETING_VERSION = 1.0;
				PRODUCT_BUNDLE_IDENTIFIER = baozorp.AOD;
				PRODUCT_NAME = "$(TARGET_NAME)";
				SUPPORTED_PLATFORMS = "iphoneos iphonesimulator";
				SUPPORTS_MACCATALYST = NO;
				SUPPORTS_MAC_DESIGNED_FOR_IPHONE_IPAD = NO;
				SWIFT_EMIT_LOC_STRINGS = YES;
				SWIFT_VERSION = 5.0;
				TARGETED_DEVICE_FAMILY = 1;
			};
			name = Release;
		};
/* End XCBuildConfiguration section */

/* Begin XCConfigurationList section */
		B4DEF93E29C128B600E3C172 /* Build configuration list for PBXProject "AOD" */ = {
			isa = XCConfigurationList;
			buildConfigurations = (
				B4DEF95829C128B700E3C172 /* Debug */,
				B4DEF95929C128B700E3C172 /* Release */,
			);
			defaultConfigurationIsVisible = 0;
			defaultConfigurationName = Release;
		};
		B4DEF95A29C128B700E3C172 /* Build configuration list for PBXNativeTarget "AOD" */ = {
			isa = XCConfigurationList;
			buildConfigurations = (
				B4DEF95B29C128B700E3C172 /* Debug */,
				B4DEF95C29C128B700E3C172 /* Release */,
			);
			defaultConfigurationIsVisible = 0;
			defaultConfigurationName = Release;
		};
/* End XCConfigurationList section */

/* Begin XCVersionGroup section */
		B4DEF94F29C128B600E3C172 /* AOD.xcdatamodeld */ = {
			isa = XCVersionGroup;
			children = (
				B4DEF95029C128B600E3C172 /* AOD.xcdatamodel */,
			);
			currentVersion = B4DEF95029C128B600E3C172 /* AOD.xcdatamodel */;
			path = AOD.xcdatamodeld;
			sourceTree = "<group>";
			versionGroupType = wrapper.xcdatamodel;
		};
/* End XCVersionGroup section */
	};
	rootObject = B4DEF93B29C128B600E3C172 /* Project object */;
}
